
Microsoft Visual Studio Solution File, Format Version 12.00
# Visual Studio Version 17
VisualStudioVersion = 17.8.34511.84
MinimumVisualStudioVersion = 10.0.40219.1
Project("{2150E333-8FDC-42A3-9474-1A3956D46DE8}") = "Solution Items", "Solution Items", "{2AABD3D7-A0A2-4918-878A-546D06BA01F0}"
	ProjectSection(SolutionItems) = preProject
		src\docker-compose.override.yml = src\docker-compose.override.yml
		src\docker-compose.yml = src\docker-compose.yml
		global.json = global.json
		..\..\Desktop\README.md = ..\..\Desktop\README.md
	EndProjectSection
EndProject
Project("{2150E333-8FDC-42A3-9474-1A3956D46DE8}") = "src", "src", "{7D3B3B3F-9373-4E9E-AB1A-F5CACFB61034}"
EndProject
Project("{2150E333-8FDC-42A3-9474-1A3956D46DE8}") = "tests", "tests", "{C76421E5-2BB5-4DD2-826A-EACC48630782}"
EndProject
Project("{2150E333-8FDC-42A3-9474-1A3956D46DE8}") = "ApiGateways", "ApiGateways", "{1B65035F-056C-4700-9CF9-94E15BCAF60E}"
EndProject
Project("{2150E333-8FDC-42A3-9474-1A3956D46DE8}") = "BuildingBlocks", "BuildingBlocks", "{D8AF0BE9-1902-4A75-B3F1-2AA52EBCAC36}"
EndProject
Project("{2150E333-8FDC-42A3-9474-1A3956D46DE8}") = "Services", "Services", "{97DF920A-B3CB-44BA-84AB-9D5A2734E0B0}"
EndProject
Project("{2150E333-8FDC-42A3-9474-1A3956D46DE8}") = "WebApps", "WebApps", "{C1163160-B0B8-420D-A80A-60DFF6FC381F}"
EndProject
Project("{9A19103F-16F7-4668-BE54-9A1E7A4F7556}") = "Common.Logging", "src\BuildingBlocks\Common.Logging\Common.Logging.csproj", "{83CE0860-7028-4B81-9170-809883395910}"
EndProject
Project("{2150E333-8FDC-42A3-9474-1A3956D46DE8}") = "Product", "Product", "{C68436BA-908C-4EE3-A2F8-7FFCF1E95BD7}"
EndProject
Project("{2150E333-8FDC-42A3-9474-1A3956D46DE8}") = "Customer", "Customer", "{5DDF22FD-B023-4B61-A390-78FE7377AC0F}"
EndProject
Project("{2150E333-8FDC-42A3-9474-1A3956D46DE8}") = "Basket", "Basket", "{34923D1D-3977-473F-8A59-BFDE589F5ECE}"
EndProject
Project("{2150E333-8FDC-42A3-9474-1A3956D46DE8}") = "Ordering", "Ordering", "{CFFD7BDC-D6B6-48DD-8B39-D371B9AC317E}"
EndProject
Project("{2150E333-8FDC-42A3-9474-1A3956D46DE8}") = "Inventory", "Inventory", "{65AEBA23-924B-4A84-AC22-C04BA07FA321}"
EndProject
Project("{2150E333-8FDC-42A3-9474-1A3956D46DE8}") = "ScheduledJob", "ScheduledJob", "{294437AF-DBDF-4609-9436-07CDE624362D}"
EndProject
Project("{9A19103F-16F7-4668-BE54-9A1E7A4F7556}") = "WebHealthStatus", "src\WebApps\WebHealthStatus\WebHealthStatus.csproj", "{CB73D7EE-FED6-4B0F-AB0D-9AEF88C82E98}"
EndProject
Project("{9A19103F-16F7-4668-BE54-9A1E7A4F7556}") = "Basket.API", "src\Services\Basket.API\Basket.API.csproj", "{98049220-A346-4FCB-941F-2DC35FB74D5E}"
EndProject
Project("{9A19103F-16F7-4668-BE54-9A1E7A4F7556}") = "Customer.API", "src\Services\Customer.API\Customer.API.csproj", "{38F1C57C-9859-4C10-8DDE-31C4386E418D}"
EndProject
Project("{9A19103F-16F7-4668-BE54-9A1E7A4F7556}") = "Inventory.Product.API", "src\Services\Inventory.Product.API\Inventory.Product.API.csproj", "{5B546CF9-805D-4BEE-8706-72329434FFFF}"
EndProject
Project("{9A19103F-16F7-4668-BE54-9A1E7A4F7556}") = "Product.API", "src\Services\Product.API\Product.API.csproj", "{7EA41081-36CD-4188-87A8-75FEBC2E6579}"
EndProject
Project("{9A19103F-16F7-4668-BE54-9A1E7A4F7556}") = "Hangfire.API", "src\Services\Hangfire.API\Hangfire.API.csproj", "{27ADBFAC-0219-48A9-88D3-EC63632D7C5E}"
EndProject
Project("{9A19103F-16F7-4668-BE54-9A1E7A4F7556}") = "Contracts", "src\BuildingBlocks\Contracts\Contracts.csproj", "{C95B58C1-9DCF-4507-80D1-A0361A66C9BF}"
EndProject
Project("{9A19103F-16F7-4668-BE54-9A1E7A4F7556}") = "Infrastructure", "src\BuildingBlocks\Infrastructure\Infrastructure.csproj", "{F98956BD-2DA0-40CF-AFA2-01661C4507C1}"
EndProject
Project("{9A19103F-16F7-4668-BE54-9A1E7A4F7556}") = "Shared", "src\BuildingBlocks\Shared\Shared.csproj", "{0CE09E6D-68A0-4506-913C-DA0667D562A7}"
EndProject
Project("{9A19103F-16F7-4668-BE54-9A1E7A4F7556}") = "OcelotApiGw", "src\ApiGateways\OcelotApiGw\OcelotApiGw.csproj", "{A91EC73D-8FDE-4FC4-97F7-DD2405C11D64}"
EndProject
Project("{9A19103F-16F7-4668-BE54-9A1E7A4F7556}") = "Ordering.API", "src\Services\Ordering\Ordering.API\Ordering.API.csproj", "{0995A5A1-7756-4B8E-AD0D-4B2B95D02269}"
EndProject
Project("{9A19103F-16F7-4668-BE54-9A1E7A4F7556}") = "Ordering.Application", "src\Services\Ordering\Ordering.Application\Ordering.Application.csproj", "{22197A3C-9968-4C5F-8F57-4AE2130DA95C}"
EndProject
Project("{9A19103F-16F7-4668-BE54-9A1E7A4F7556}") = "Ordering.Domain", "src\Services\Ordering\Ordering.Domain\Ordering.Domain.csproj", "{A55C27A1-1D5F-45B7-8C6D-89AB69C47BFE}"
EndProject
Project("{9A19103F-16F7-4668-BE54-9A1E7A4F7556}") = "Ordering.Infrastructure", "src\Services\Ordering\Ordering.Infrastructure\Ordering.Infrastructure.csproj", "{71D05C81-F48A-4394-B68D-C8654A16FE9F}"
EndProject
Project("{2150E333-8FDC-42A3-9474-1A3956D46DE8}") = "EventBus", "EventBus", "{847DFF15-75AA-4359-AF71-5E6A41476680}"
EndProject
Project("{9A19103F-16F7-4668-BE54-9A1E7A4F7556}") = "EventBus.Messages", "src\BuildingBlocks\EventBus\EventBus.Messages\EventBus.Messages.csproj", "{F864E6AA-F724-446D-A50B-1E714AAEA262}"
EndProject
Global
	GlobalSection(SolutionConfigurationPlatforms) = preSolution
		Debug|Any CPU = Debug|Any CPU
		Release|Any CPU = Release|Any CPU
	EndGlobalSection
	GlobalSection(ProjectConfigurationPlatforms) = postSolution
		{83CE0860-7028-4B81-9170-809883395910}.Debug|Any CPU.ActiveCfg = Debug|Any CPU
		{83CE0860-7028-4B81-9170-809883395910}.Debug|Any CPU.Build.0 = Debug|Any CPU
		{83CE0860-7028-4B81-9170-809883395910}.Release|Any CPU.ActiveCfg = Release|Any CPU
		{83CE0860-7028-4B81-9170-809883395910}.Release|Any CPU.Build.0 = Release|Any CPU
		{CB73D7EE-FED6-4B0F-AB0D-9AEF88C82E98}.Debug|Any CPU.ActiveCfg = Debug|Any CPU
		{CB73D7EE-FED6-4B0F-AB0D-9AEF88C82E98}.Debug|Any CPU.Build.0 = Debug|Any CPU
		{CB73D7EE-FED6-4B0F-AB0D-9AEF88C82E98}.Release|Any CPU.ActiveCfg = Release|Any CPU
		{CB73D7EE-FED6-4B0F-AB0D-9AEF88C82E98}.Release|Any CPU.Build.0 = Release|Any CPU
		{98049220-A346-4FCB-941F-2DC35FB74D5E}.Debug|Any CPU.ActiveCfg = Debug|Any CPU
		{98049220-A346-4FCB-941F-2DC35FB74D5E}.Debug|Any CPU.Build.0 = Debug|Any CPU
		{98049220-A346-4FCB-941F-2DC35FB74D5E}.Release|Any CPU.ActiveCfg = Release|Any CPU
		{98049220-A346-4FCB-941F-2DC35FB74D5E}.Release|Any CPU.Build.0 = Release|Any CPU
		{38F1C57C-9859-4C10-8DDE-31C4386E418D}.Debug|Any CPU.ActiveCfg = Debug|Any CPU
		{38F1C57C-9859-4C10-8DDE-31C4386E418D}.Debug|Any CPU.Build.0 = Debug|Any CPU
		{38F1C57C-9859-4C10-8DDE-31C4386E418D}.Release|Any CPU.ActiveCfg = Release|Any CPU
		{38F1C57C-9859-4C10-8DDE-31C4386E418D}.Release|Any CPU.Build.0 = Release|Any CPU
		{5B546CF9-805D-4BEE-8706-72329434FFFF}.Debug|Any CPU.ActiveCfg = Debug|Any CPU
		{5B546CF9-805D-4BEE-8706-72329434FFFF}.Debug|Any CPU.Build.0 = Debug|Any CPU
		{5B546CF9-805D-4BEE-8706-72329434FFFF}.Release|Any CPU.ActiveCfg = Release|Any CPU
		{5B546CF9-805D-4BEE-8706-72329434FFFF}.Release|Any CPU.Build.0 = Release|Any CPU
		{7EA41081-36CD-4188-87A8-75FEBC2E6579}.Debug|Any CPU.ActiveCfg = Debug|Any CPU
		{7EA41081-36CD-4188-87A8-75FEBC2E6579}.Debug|Any CPU.Build.0 = Debug|Any CPU
		{7EA41081-36CD-4188-87A8-75FEBC2E6579}.Release|Any CPU.ActiveCfg = Release|Any CPU
		{7EA41081-36CD-4188-87A8-75FEBC2E6579}.Release|Any CPU.Build.0 = Release|Any CPU
		{27ADBFAC-0219-48A9-88D3-EC63632D7C5E}.Debug|Any CPU.ActiveCfg = Debug|Any CPU
		{27ADBFAC-0219-48A9-88D3-EC63632D7C5E}.Debug|Any CPU.Build.0 = Debug|Any CPU
		{27ADBFAC-0219-48A9-88D3-EC63632D7C5E}.Release|Any CPU.ActiveCfg = Release|Any CPU
		{27ADBFAC-0219-48A9-88D3-EC63632D7C5E}.Release|Any CPU.Build.0 = Release|Any CPU
		{C95B58C1-9DCF-4507-80D1-A0361A66C9BF}.Debug|Any CPU.ActiveCfg = Debug|Any CPU
		{C95B58C1-9DCF-4507-80D1-A0361A66C9BF}.Debug|Any CPU.Build.0 = Debug|Any CPU
		{C95B58C1-9DCF-4507-80D1-A0361A66C9BF}.Release|Any CPU.ActiveCfg = Release|Any CPU
		{C95B58C1-9DCF-4507-80D1-A0361A66C9BF}.Release|Any CPU.Build.0 = Release|Any CPU
		{F98956BD-2DA0-40CF-AFA2-01661C4507C1}.Debug|Any CPU.ActiveCfg = Debug|Any CPU
		{F98956BD-2DA0-40CF-AFA2-01661C4507C1}.Debug|Any CPU.Build.0 = Debug|Any CPU
		{F98956BD-2DA0-40CF-AFA2-01661C4507C1}.Release|Any CPU.ActiveCfg = Release|Any CPU
		{F98956BD-2DA0-40CF-AFA2-01661C4507C1}.Release|Any CPU.Build.0 = Release|Any CPU
		{0CE09E6D-68A0-4506-913C-DA0667D562A7}.Debug|Any CPU.ActiveCfg = Debug|Any CPU
		{0CE09E6D-68A0-4506-913C-DA0667D562A7}.Debug|Any CPU.Build.0 = Debug|Any CPU
		{0CE09E6D-68A0-4506-913C-DA0667D562A7}.Release|Any CPU.ActiveCfg = Release|Any CPU
		{0CE09E6D-68A0-4506-913C-DA0667D562A7}.Release|Any CPU.Build.0 = Release|Any CPU
		{A91EC73D-8FDE-4FC4-97F7-DD2405C11D64}.Debug|Any CPU.ActiveCfg = Debug|Any CPU
		{A91EC73D-8FDE-4FC4-97F7-DD2405C11D64}.Debug|Any CPU.Build.0 = Debug|Any CPU
		{A91EC73D-8FDE-4FC4-97F7-DD2405C11D64}.Release|Any CPU.ActiveCfg = Release|Any CPU
		{A91EC73D-8FDE-4FC4-97F7-DD2405C11D64}.Release|Any CPU.Build.0 = Release|Any CPU
		{0995A5A1-7756-4B8E-AD0D-4B2B95D02269}.Debug|Any CPU.ActiveCfg = Debug|Any CPU
		{0995A5A1-7756-4B8E-AD0D-4B2B95D02269}.Debug|Any CPU.Build.0 = Debug|Any CPU
		{0995A5A1-7756-4B8E-AD0D-4B2B95D02269}.Release|Any CPU.ActiveCfg = Release|Any CPU
		{0995A5A1-7756-4B8E-AD0D-4B2B95D02269}.Release|Any CPU.Build.0 = Release|Any CPU
		{22197A3C-9968-4C5F-8F57-4AE2130DA95C}.Debug|Any CPU.ActiveCfg = Debug|Any CPU
		{22197A3C-9968-4C5F-8F57-4AE2130DA95C}.Debug|Any CPU.Build.0 = Debug|Any CPU
		{22197A3C-9968-4C5F-8F57-4AE2130DA95C}.Release|Any CPU.ActiveCfg = Release|Any CPU
		{22197A3C-9968-4C5F-8F57-4AE2130DA95C}.Release|Any CPU.Build.0 = Release|Any CPU
		{A55C27A1-1D5F-45B7-8C6D-89AB69C47BFE}.Debug|Any CPU.ActiveCfg = Debug|Any CPU
		{A55C27A1-1D5F-45B7-8C6D-89AB69C47BFE}.Debug|Any CPU.Build.0 = Debug|Any CPU
		{A55C27A1-1D5F-45B7-8C6D-89AB69C47BFE}.Release|Any CPU.ActiveCfg = Release|Any CPU
		{A55C27A1-1D5F-45B7-8C6D-89AB69C47BFE}.Release|Any CPU.Build.0 = Release|Any CPU
		{71D05C81-F48A-4394-B68D-C8654A16FE9F}.Debug|Any CPU.ActiveCfg = Debug|Any CPU
		{71D05C81-F48A-4394-B68D-C8654A16FE9F}.Debug|Any CPU.Build.0 = Debug|Any CPU
		{71D05C81-F48A-4394-B68D-C8654A16FE9F}.Release|Any CPU.ActiveCfg = Release|Any CPU
		{71D05C81-F48A-4394-B68D-C8654A16FE9F}.Release|Any CPU.Build.0 = Release|Any CPU
		{F864E6AA-F724-446D-A50B-1E714AAEA262}.Debug|Any CPU.ActiveCfg = Debug|Any CPU
		{F864E6AA-F724-446D-A50B-1E714AAEA262}.Debug|Any CPU.Build.0 = Debug|Any CPU
		{F864E6AA-F724-446D-A50B-1E714AAEA262}.Release|Any CPU.ActiveCfg = Release|Any CPU
		{F864E6AA-F724-446D-A50B-1E714AAEA262}.Release|Any CPU.Build.0 = Release|Any CPU
	EndGlobalSection
	GlobalSection(SolutionProperties) = preSolution
		HideSolutionNode = FALSE
	EndGlobalSection
	GlobalSection(NestedProjects) = preSolution
		{1B65035F-056C-4700-9CF9-94E15BCAF60E} = {7D3B3B3F-9373-4E9E-AB1A-F5CACFB61034}
		{D8AF0BE9-1902-4A75-B3F1-2AA52EBCAC36} = {7D3B3B3F-9373-4E9E-AB1A-F5CACFB61034}
		{97DF920A-B3CB-44BA-84AB-9D5A2734E0B0} = {7D3B3B3F-9373-4E9E-AB1A-F5CACFB61034}
		{C1163160-B0B8-420D-A80A-60DFF6FC381F} = {7D3B3B3F-9373-4E9E-AB1A-F5CACFB61034}
		{83CE0860-7028-4B81-9170-809883395910} = {D8AF0BE9-1902-4A75-B3F1-2AA52EBCAC36}
		{C68436BA-908C-4EE3-A2F8-7FFCF1E95BD7} = {97DF920A-B3CB-44BA-84AB-9D5A2734E0B0}
		{5DDF22FD-B023-4B61-A390-78FE7377AC0F} = {97DF920A-B3CB-44BA-84AB-9D5A2734E0B0}
		{34923D1D-3977-473F-8A59-BFDE589F5ECE} = {97DF920A-B3CB-44BA-84AB-9D5A2734E0B0}
		{CFFD7BDC-D6B6-48DD-8B39-D371B9AC317E} = {97DF920A-B3CB-44BA-84AB-9D5A2734E0B0}
		{65AEBA23-924B-4A84-AC22-C04BA07FA321} = {97DF920A-B3CB-44BA-84AB-9D5A2734E0B0}
		{294437AF-DBDF-4609-9436-07CDE624362D} = {97DF920A-B3CB-44BA-84AB-9D5A2734E0B0}
		{CB73D7EE-FED6-4B0F-AB0D-9AEF88C82E98} = {C1163160-B0B8-420D-A80A-60DFF6FC381F}
		{98049220-A346-4FCB-941F-2DC35FB74D5E} = {34923D1D-3977-473F-8A59-BFDE589F5ECE}
		{38F1C57C-9859-4C10-8DDE-31C4386E418D} = {5DDF22FD-B023-4B61-A390-78FE7377AC0F}
		{5B546CF9-805D-4BEE-8706-72329434FFFF} = {65AEBA23-924B-4A84-AC22-C04BA07FA321}
		{7EA41081-36CD-4188-87A8-75FEBC2E6579} = {C68436BA-908C-4EE3-A2F8-7FFCF1E95BD7}
		{27ADBFAC-0219-48A9-88D3-EC63632D7C5E} = {294437AF-DBDF-4609-9436-07CDE624362D}
		{C95B58C1-9DCF-4507-80D1-A0361A66C9BF} = {D8AF0BE9-1902-4A75-B3F1-2AA52EBCAC36}
		{F98956BD-2DA0-40CF-AFA2-01661C4507C1} = {D8AF0BE9-1902-4A75-B3F1-2AA52EBCAC36}
		{0CE09E6D-68A0-4506-913C-DA0667D562A7} = {D8AF0BE9-1902-4A75-B3F1-2AA52EBCAC36}
		{A91EC73D-8FDE-4FC4-97F7-DD2405C11D64} = {1B65035F-056C-4700-9CF9-94E15BCAF60E}
		{0995A5A1-7756-4B8E-AD0D-4B2B95D02269} = {CFFD7BDC-D6B6-48DD-8B39-D371B9AC317E}
		{22197A3C-9968-4C5F-8F57-4AE2130DA95C} = {CFFD7BDC-D6B6-48DD-8B39-D371B9AC317E}
		{A55C27A1-1D5F-45B7-8C6D-89AB69C47BFE} = {CFFD7BDC-D6B6-48DD-8B39-D371B9AC317E}
		{71D05C81-F48A-4394-B68D-C8654A16FE9F} = {CFFD7BDC-D6B6-48DD-8B39-D371B9AC317E}
		{847DFF15-75AA-4359-AF71-5E6A41476680} = {D8AF0BE9-1902-4A75-B3F1-2AA52EBCAC36}
		{F864E6AA-F724-446D-A50B-1E714AAEA262} = {847DFF15-75AA-4359-AF71-5E6A41476680}
	EndGlobalSection
	GlobalSection(ExtensibilityGlobals) = postSolution
		SolutionGuid = {632CD2AF-7A66-4467-A8E9-6F826B890FF5}
	EndGlobalSection
EndGlobal
